
Microsoft Visual Studio Solution File, Format Version 12.00
# Visual Studio Version 17
VisualStudioVersion = 17.10.35013.160
MinimumVisualStudioVersion = 10.0.40219.1
Project("{FAE04EC0-301F-11D3-BF4B-00C04F79EFBC}") = "BadmintonEventsWebApp", "BadmintonEventsWebApp\BadmintonEventsWebApp.csproj", "{433F8CD9-80B5-46E8-9CD9-5263EBEF3746}"
EndProject
Global
	GlobalSection(SolutionConfigurationPlatforms) = preSolution
		Debug|Any CPU = Debug|Any CPU
		Release|Any CPU = Release|Any CPU
	EndGlobalSection
	GlobalSection(ProjectConfigurationPlatforms) = postSolution
		{433F8CD9-80B5-46E8-9CD9-5263EBEF3746}.Debug|Any CPU.ActiveCfg = Debug|Any CPU
		{433F8CD9-80B5-46E8-9CD9-5263EBEF3746}.Debug|Any CPU.Build.0 = Debug|Any CPU
		{433F8CD9-80B5-46E8-9CD9-5263EBEF3746}.Release|Any CPU.ActiveCfg = Release|Any CPU
		{433F8CD9-80B5-46E8-9CD9-5263EBEF3746}.Release|Any CPU.Build.0 = Release|Any CPU
	EndGlobalSection
	GlobalSection(SolutionProperties) = preSolution
		HideSolutionNode = FALSE
	EndGlobalSection
	GlobalSection(ExtensibilityGlobals) = postSolution
		SolutionGuid = {6C922E19-52F7-4107-AFBA-6AE34F02AB3D}
	EndGlobalSection
EndGlobal
